
Microsoft Visual Studio Solution File, Format Version 12.00
# Visual Studio Version 17
VisualStudioVersion = 17.6.33829.357
MinimumVisualStudioVersion = 10.0.40219.1
Project("{9A19103F-16F7-4668-BE54-9A1E7A4F7556}") = "EfCoreLab", "EfCoreLab\EfCoreLab.csproj", "{2620A9A5-C406-4652-9727-767ED2684D74}"
EndProject
Project("{9A19103F-16F7-4668-BE54-9A1E7A4F7556}") = "GameStore", "..\..\.БД\DB3\AspNetCoreLab\GameStore\GameStore\GameStore.csproj", "{F3312E11-0783-47B0-A770-5B666713B548}"
EndProject
Global
	GlobalSection(SolutionConfigurationPlatforms) = preSolution
		Debug|Any CPU = Debug|Any CPU
		Release|Any CPU = Release|Any CPU
	EndGlobalSection
	GlobalSection(ProjectConfigurationPlatforms) = postSolution
		{2620A9A5-C406-4652-9727-767ED2684D74}.Debug|Any CPU.ActiveCfg = Debug|Any CPU
		{2620A9A5-C406-4652-9727-767ED2684D74}.Debug|Any CPU.Build.0 = Debug|Any CPU
		{2620A9A5-C406-4652-9727-767ED2684D74}.Release|Any CPU.ActiveCfg = Release|Any CPU
		{2620A9A5-C406-4652-9727-767ED2684D74}.Release|Any CPU.Build.0 = Release|Any CPU
		{F3312E11-0783-47B0-A770-5B666713B548}.Debug|Any CPU.ActiveCfg = Debug|Any CPU
		{F3312E11-0783-47B0-A770-5B666713B548}.Debug|Any CPU.Build.0 = Debug|Any CPU
		{F3312E11-0783-47B0-A770-5B666713B548}.Release|Any CPU.ActiveCfg = Release|Any CPU
		{F3312E11-0783-47B0-A770-5B666713B548}.Release|Any CPU.Build.0 = Release|Any CPU
	EndGlobalSection
	GlobalSection(SolutionProperties) = preSolution
		HideSolutionNode = FALSE
	EndGlobalSection
	GlobalSection(ExtensibilityGlobals) = postSolution
		SolutionGuid = {1B9F89E2-0D60-4A63-8EA4-7D11B750FF37}
	EndGlobalSection
EndGlobal
